
Microsoft Visual Studio Solution File, Format Version 12.00
# Visual Studio Version 16
VisualStudioVersion = 16.0.31729.503
MinimumVisualStudioVersion = 10.0.40219.1
Project("{FAE04EC0-301F-11D3-BF4B-00C04F79EFBC}") = "ConsoleApp1", "ConsoleApp1\ConsoleApp1.csproj", "{B40D89D4-8C7C-4B48-8FE0-74329C5FC405}"
EndProject
Global
	GlobalSection(SolutionConfigurationPlatforms) = preSolution
		Debug|Any CPU = Debug|Any CPU
		Release|Any CPU = Release|Any CPU
	EndGlobalSection
	GlobalSection(ProjectConfigurationPlatforms) = postSolution
		{B40D89D4-8C7C-4B48-8FE0-74329C5FC405}.Debug|Any CPU.ActiveCfg = Debug|Any CPU
		{B40D89D4-8C7C-4B48-8FE0-74329C5FC405}.Debug|Any CPU.Build.0 = Debug|Any CPU
		{B40D89D4-8C7C-4B48-8FE0-74329C5FC405}.Release|Any CPU.ActiveCfg = Release|Any CPU
		{B40D89D4-8C7C-4B48-8FE0-74329C5FC405}.Release|Any CPU.Build.0 = Release|Any CPU
	EndGlobalSection
	GlobalSection(SolutionProperties) = preSolution
		HideSolutionNode = FALSE
	EndGlobalSection
	GlobalSection(ExtensibilityGlobals) = postSolution
		SolutionGuid = {A0E4B666-2893-4569-BEF8-05640CD2CF24}
	EndGlobalSection
EndGlobal
